// !$*UTF8*$!
{
	archiveVersion = 1;
	classes = {
	};
	objectVersion = 46;
	objects = {

/* Begin PBXBuildFile section */
		98116A6E19453F390083F9ED /* Foundation.framework in Frameworks */ = {isa = PBXBuildFile; fileRef = 98116A6D19453F390083F9ED /* Foundation.framework */; };
		98116A7019453F390083F9ED /* CoreGraphics.framework in Frameworks */ = {isa = PBXBuildFile; fileRef = 98116A6F19453F390083F9ED /* CoreGraphics.framework */; };
		98116A7219453F390083F9ED /* UIKit.framework in Frameworks */ = {isa = PBXBuildFile; fileRef = 98116A7119453F390083F9ED /* UIKit.framework */; };
		98116A7819453F390083F9ED /* InfoPlist.strings in Resources */ = {isa = PBXBuildFile; fileRef = 98116A7619453F390083F9ED /* InfoPlist.strings */; };
		98116A7A19453F390083F9ED /* main.m in Sources */ = {isa = PBXBuildFile; fileRef = 98116A7919453F390083F9ED /* main.m */; };
		98116A7E19453F390083F9ED /* XYZAppDelegate.m in Sources */ = {isa = PBXBuildFile; fileRef = 98116A7D19453F390083F9ED /* XYZAppDelegate.m */; };
		98116A8019453F390083F9ED /* Images.xcassets in Resources */ = {isa = PBXBuildFile; fileRef = 98116A7F19453F390083F9ED /* Images.xcassets */; };
		98116A8719453F390083F9ED /* XCTest.framework in Frameworks */ = {isa = PBXBuildFile; fileRef = 98116A8619453F390083F9ED /* XCTest.framework */; };
		98116A8819453F390083F9ED /* Foundation.framework in Frameworks */ = {isa = PBXBuildFile; fileRef = 98116A6D19453F390083F9ED /* Foundation.framework */; };
		98116A8919453F390083F9ED /* UIKit.framework in Frameworks */ = {isa = PBXBuildFile; fileRef = 98116A7119453F390083F9ED /* UIKit.framework */; };
		98116A9119453F390083F9ED /* InfoPlist.strings in Resources */ = {isa = PBXBuildFile; fileRef = 98116A8F19453F390083F9ED /* InfoPlist.strings */; };
		98116A9319453F390083F9ED /* HIVETests.m in Sources */ = {isa = PBXBuildFile; fileRef = 98116A9219453F390083F9ED /* HIVETests.m */; };
		98116A9F1945410E0083F9ED /* Main_iPhone.storyboard in Resources */ = {isa = PBXBuildFile; fileRef = 98116A9E1945410E0083F9ED /* Main_iPhone.storyboard */; };
		98116AA11945461A0083F9ED /* WFConnector.framework in Frameworks */ = {isa = PBXBuildFile; fileRef = 98116AA01945461A0083F9ED /* WFConnector.framework */; };
		98116AA3194546370083F9ED /* ExternalAccessory.framework in Frameworks */ = {isa = PBXBuildFile; fileRef = 98116AA2194546370083F9ED /* ExternalAccessory.framework */; };
		98116AA51945463F0083F9ED /* CoreBluetooth.framework in Frameworks */ = {isa = PBXBuildFile; fileRef = 98116AA41945463F0083F9ED /* CoreBluetooth.framework */; settings = {ATTRIBUTES = (Weak, ); }; };
		98116AA71945465A0083F9ED /* libstdc++.6.dylib in Frameworks */ = {isa = PBXBuildFile; fileRef = 98116AA61945465A0083F9ED /* libstdc++.6.dylib */; };
/* End PBXBuildFile section */

/* Begin PBXContainerItemProxy section */
		98116A8A19453F390083F9ED /* PBXContainerItemProxy */ = {
			isa = PBXContainerItemProxy;
			containerPortal = 98116A6219453F390083F9ED /* Project object */;
			proxyType = 1;
			remoteGlobalIDString = 98116A6919453F390083F9ED;
			remoteInfo = HIVE;
		};
/* End PBXContainerItemProxy section */

/* Begin PBXFileReference section */
		98116A6A19453F390083F9ED /* HIVE.app */ = {isa = PBXFileReference; explicitFileType = wrapper.application; includeInIndex = 0; path = HIVE.app; sourceTree = BUILT_PRODUCTS_DIR; };
		98116A6D19453F390083F9ED /* Foundation.framework */ = {isa = PBXFileReference; lastKnownFileType = wrapper.framework; name = Foundation.framework; path = System/Library/Frameworks/Foundation.framework; sourceTree = SDKROOT; };
		98116A6F19453F390083F9ED /* CoreGraphics.framework */ = {isa = PBXFileReference; lastKnownFileType = wrapper.framework; name = CoreGraphics.framework; path = System/Library/Frameworks/CoreGraphics.framework; sourceTree = SDKROOT; };
		98116A7119453F390083F9ED /* UIKit.framework */ = {isa = PBXFileReference; lastKnownFileType = wrapper.framework; name = UIKit.framework; path = System/Library/Frameworks/UIKit.framework; sourceTree = SDKROOT; };
		98116A7519453F390083F9ED /* HIVE-Info.plist */ = {isa = PBXFileReference; lastKnownFileType = text.plist.xml; path = "HIVE-Info.plist"; sourceTree = "<group>"; };
		98116A7719453F390083F9ED /* en */ = {isa = PBXFileReference; lastKnownFileType = text.plist.strings; name = en; path = en.lproj/InfoPlist.strings; sourceTree = "<group>"; };
		98116A7919453F390083F9ED /* main.m */ = {isa = PBXFileReference; lastKnownFileType = sourcecode.c.objc; path = main.m; sourceTree = "<group>"; };
		98116A7B19453F390083F9ED /* HIVE-Prefix.pch */ = {isa = PBXFileReference; lastKnownFileType = sourcecode.c.h; path = "HIVE-Prefix.pch"; sourceTree = "<group>"; };
		98116A7C19453F390083F9ED /* XYZAppDelegate.h */ = {isa = PBXFileReference; lastKnownFileType = sourcecode.c.h; path = XYZAppDelegate.h; sourceTree = "<group>"; };
		98116A7D19453F390083F9ED /* XYZAppDelegate.m */ = {isa = PBXFileReference; lastKnownFileType = sourcecode.c.objc; path = XYZAppDelegate.m; sourceTree = "<group>"; };
		98116A7F19453F390083F9ED /* Images.xcassets */ = {isa = PBXFileReference; lastKnownFileType = folder.assetcatalog; path = Images.xcassets; sourceTree = "<group>"; };
		98116A8519453F390083F9ED /* HIVETests.xctest */ = {isa = PBXFileReference; explicitFileType = wrapper.cfbundle; includeInIndex = 0; path = HIVETests.xctest; sourceTree = BUILT_PRODUCTS_DIR; };
		98116A8619453F390083F9ED /* XCTest.framework */ = {isa = PBXFileReference; lastKnownFileType = wrapper.framework; name = XCTest.framework; path = Library/Frameworks/XCTest.framework; sourceTree = DEVELOPER_DIR; };
		98116A8E19453F390083F9ED /* HIVETests-Info.plist */ = {isa = PBXFileReference; lastKnownFileType = text.plist.xml; path = "HIVETests-Info.plist"; sourceTree = "<group>"; };
		98116A9019453F390083F9ED /* en */ = {isa = PBXFileReference; lastKnownFileType = text.plist.strings; name = en; path = en.lproj/InfoPlist.strings; sourceTree = "<group>"; };
		98116A9219453F390083F9ED /* HIVETests.m */ = {isa = PBXFileReference; lastKnownFileType = sourcecode.c.objc; path = HIVETests.m; sourceTree = "<group>"; };
		98116A9E1945410E0083F9ED /* Main_iPhone.storyboard */ = {isa = PBXFileReference; fileEncoding = 4; lastKnownFileType = file.storyboard; path = Main_iPhone.storyboard; sourceTree = "<group>"; };
		98116AA01945461A0083F9ED /* WFConnector.framework */ = {isa = PBXFileReference; lastKnownFileType = wrapper.framework; path = WFConnector.framework; sourceTree = "<group>"; };
		98116AA2194546370083F9ED /* ExternalAccessory.framework */ = {isa = PBXFileReference; lastKnownFileType = wrapper.framework; name = ExternalAccessory.framework; path = System/Library/Frameworks/ExternalAccessory.framework; sourceTree = SDKROOT; };
		98116AA41945463F0083F9ED /* CoreBluetooth.framework */ = {isa = PBXFileReference; lastKnownFileType = wrapper.framework; name = CoreBluetooth.framework; path = System/Library/Frameworks/CoreBluetooth.framework; sourceTree = SDKROOT; };
		98116AA61945465A0083F9ED /* libstdc++.6.dylib */ = {isa = PBXFileReference; lastKnownFileType = "compiled.mach-o.dylib"; name = "libstdc++.6.dylib"; path = "usr/lib/libstdc++.6.dylib"; sourceTree = SDKROOT; };
/* End PBXFileReference section */

/* Begin PBXFrameworksBuildPhase section */
		98116A6719453F390083F9ED /* Frameworks */ = {
			isa = PBXFrameworksBuildPhase;
			buildActionMask = 2147483647;
			files = (
				98116AA71945465A0083F9ED /* libstdc++.6.dylib in Frameworks */,
				98116AA51945463F0083F9ED /* CoreBluetooth.framework in Frameworks */,
				98116AA3194546370083F9ED /* ExternalAccessory.framework in Frameworks */,
				98116AA11945461A0083F9ED /* WFConnector.framework in Frameworks */,
				98116A7019453F390083F9ED /* CoreGraphics.framework in Frameworks */,
				98116A7219453F390083F9ED /* UIKit.framework in Frameworks */,
				98116A6E19453F390083F9ED /* Foundation.framework in Frameworks */,
			);
			runOnlyForDeploymentPostprocessing = 0;
		};
		98116A8219453F390083F9ED /* Frameworks */ = {
			isa = PBXFrameworksBuildPhase;
			buildActionMask = 2147483647;
			files = (
				98116A8719453F390083F9ED /* XCTest.framework in Frameworks */,
				98116A8919453F390083F9ED /* UIKit.framework in Frameworks */,
				98116A8819453F390083F9ED /* Foundation.framework in Frameworks */,
			);
			runOnlyForDeploymentPostprocessing = 0;
		};
/* End PBXFrameworksBuildPhase section */

/* Begin PBXGroup section */
		98116A6119453F390083F9ED = {
			isa = PBXGroup;
			children = (
				98116A9E1945410E0083F9ED /* Main_iPhone.storyboard */,
				98116A7319453F390083F9ED /* HIVE */,
				98116A8C19453F390083F9ED /* HIVETests */,
				98116A6C19453F390083F9ED /* Frameworks */,
				98116A6B19453F390083F9ED /* Products */,
			);
			sourceTree = "<group>";
		};
		98116A6B19453F390083F9ED /* Products */ = {
			isa = PBXGroup;
			children = (
				98116A6A19453F390083F9ED /* HIVE.app */,
				98116A8519453F390083F9ED /* HIVETests.xctest */,
			);
			name = Products;
			sourceTree = "<group>";
		};
		98116A6C19453F390083F9ED /* Frameworks */ = {
			isa = PBXGroup;
			children = (
				98116AA61945465A0083F9ED /* libstdc++.6.dylib */,
				98116AA41945463F0083F9ED /* CoreBluetooth.framework */,
				98116AA2194546370083F9ED /* ExternalAccessory.framework */,
				98116AA01945461A0083F9ED /* WFConnector.framework */,
				98116A6D19453F390083F9ED /* Foundation.framework */,
				98116A6F19453F390083F9ED /* CoreGraphics.framework */,
				98116A7119453F390083F9ED /* UIKit.framework */,
				98116A8619453F390083F9ED /* XCTest.framework */,
			);
			name = Frameworks;
			sourceTree = "<group>";
		};
		98116A7319453F390083F9ED /* HIVE */ = {
			isa = PBXGroup;
			children = (
				98116A7C19453F390083F9ED /* XYZAppDelegate.h */,
				98116A7D19453F390083F9ED /* XYZAppDelegate.m */,
				98116A7F19453F390083F9ED /* Images.xcassets */,
				98116A7419453F390083F9ED /* Supporting Files */,
			);
			path = HIVE;
			sourceTree = "<group>";
		};
		98116A7419453F390083F9ED /* Supporting Files */ = {
			isa = PBXGroup;
			children = (
				98116A7519453F390083F9ED /* HIVE-Info.plist */,
				98116A7619453F390083F9ED /* InfoPlist.strings */,
				98116A7919453F390083F9ED /* main.m */,
				98116A7B19453F390083F9ED /* HIVE-Prefix.pch */,
			);
			name = "Supporting Files";
			sourceTree = "<group>";
		};
		98116A8C19453F390083F9ED /* HIVETests */ = {
			isa = PBXGroup;
			children = (
				98116A9219453F390083F9ED /* HIVETests.m */,
				98116A8D19453F390083F9ED /* Supporting Files */,
			);
			path = HIVETests;
			sourceTree = "<group>";
		};
		98116A8D19453F390083F9ED /* Supporting Files */ = {
			isa = PBXGroup;
			children = (
				98116A8E19453F390083F9ED /* HIVETests-Info.plist */,
				98116A8F19453F390083F9ED /* InfoPlist.strings */,
			);
			name = "Supporting Files";
			sourceTree = "<group>";
		};
/* End PBXGroup section */

/* Begin PBXNativeTarget section */
		98116A6919453F390083F9ED /* HIVE */ = {
			isa = PBXNativeTarget;
			buildConfigurationList = 98116A9619453F390083F9ED /* Build configuration list for PBXNativeTarget "HIVE" */;
			buildPhases = (
				98116A6619453F390083F9ED /* Sources */,
				98116A6719453F390083F9ED /* Frameworks */,
				98116A6819453F390083F9ED /* Resources */,
			);
			buildRules = (
			);
			dependencies = (
			);
			name = HIVE;
			productName = HIVE;
			productReference = 98116A6A19453F390083F9ED /* HIVE.app */;
			productType = "com.apple.product-type.application";
		};
		98116A8419453F390083F9ED /* HIVETests */ = {
			isa = PBXNativeTarget;
			buildConfigurationList = 98116A9919453F390083F9ED /* Build configuration list for PBXNativeTarget "HIVETests" */;
			buildPhases = (
				98116A8119453F390083F9ED /* Sources */,
				98116A8219453F390083F9ED /* Frameworks */,
				98116A8319453F390083F9ED /* Resources */,
			);
			buildRules = (
			);
			dependencies = (
				98116A8B19453F390083F9ED /* PBXTargetDependency */,
			);
			name = HIVETests;
			productName = HIVETests;
			productReference = 98116A8519453F390083F9ED /* HIVETests.xctest */;
			productType = "com.apple.product-type.bundle.unit-test";
		};
/* End PBXNativeTarget section */

/* Begin PBXProject section */
		98116A6219453F390083F9ED /* Project object */ = {
			isa = PBXProject;
			attributes = {
				CLASSPREFIX = XYZ;
				LastUpgradeCheck = 0510;
				ORGANIZATIONNAME = "Mason Dimarco";
				TargetAttributes = {
					98116A8419453F390083F9ED = {
						TestTargetID = 98116A6919453F390083F9ED;
					};
				};
			};
			buildConfigurationList = 98116A6519453F390083F9ED /* Build configuration list for PBXProject "HIVE" */;
			compatibilityVersion = "Xcode 3.2";
			developmentRegion = English;
			hasScannedForEncodings = 0;
			knownRegions = (
				en,
			);
			mainGroup = 98116A6119453F390083F9ED;
			productRefGroup = 98116A6B19453F390083F9ED /* Products */;
			projectDirPath = "";
			projectRoot = "";
			targets = (
				98116A6919453F390083F9ED /* HIVE */,
				98116A8419453F390083F9ED /* HIVETests */,
			);
		};
/* End PBXProject section */

/* Begin PBXResourcesBuildPhase section */
		98116A6819453F390083F9ED /* Resources */ = {
			isa = PBXResourcesBuildPhase;
			buildActionMask = 2147483647;
			files = (
				98116A9F1945410E0083F9ED /* Main_iPhone.storyboard in Resources */,
				98116A7819453F390083F9ED /* InfoPlist.strings in Resources */,
				98116A8019453F390083F9ED /* Images.xcassets in Resources */,
			);
			runOnlyForDeploymentPostprocessing = 0;
		};
		98116A8319453F390083F9ED /* Resources */ = {
			isa = PBXResourcesBuildPhase;
			buildActionMask = 2147483647;
			files = (
				98116A9119453F390083F9ED /* InfoPlist.strings in Resources */,
			);
			runOnlyForDeploymentPostprocessing = 0;
		};
/* End PBXResourcesBuildPhase section */

/* Begin PBXSourcesBuildPhase section */
		98116A6619453F390083F9ED /* Sources */ = {
			isa = PBXSourcesBuildPhase;
			buildActionMask = 2147483647;
			files = (
				98116A7E19453F390083F9ED /* XYZAppDelegate.m in Sources */,
				98116A7A19453F390083F9ED /* main.m in Sources */,
			);
			runOnlyForDeploymentPostprocessing = 0;
		};
		98116A8119453F390083F9ED /* Sources */ = {
			isa = PBXSourcesBuildPhase;
			buildActionMask = 2147483647;
			files = (
				98116A9319453F390083F9ED /* HIVETests.m in Sources */,
			);
			runOnlyForDeploymentPostprocessing = 0;
		};
/* End PBXSourcesBuildPhase section */

/* Begin PBXTargetDependency section */
		98116A8B19453F390083F9ED /* PBXTargetDependency */ = {
			isa = PBXTargetDependency;
			target = 98116A6919453F390083F9ED /* HIVE */;
			targetProxy = 98116A8A19453F390083F9ED /* PBXContainerItemProxy */;
		};
/* End PBXTargetDependency section */

/* Begin PBXVariantGroup section */
		98116A7619453F390083F9ED /* InfoPlist.strings */ = {
			isa = PBXVariantGroup;
			children = (
				98116A7719453F390083F9ED /* en */,
			);
			name = InfoPlist.strings;
			sourceTree = "<group>";
		};
		98116A8F19453F390083F9ED /* InfoPlist.strings */ = {
			isa = PBXVariantGroup;
			children = (
				98116A9019453F390083F9ED /* en */,
			);
			name = InfoPlist.strings;
			sourceTree = "<group>";
		};
/* End PBXVariantGroup section */

/* Begin XCBuildConfiguration section */
		98116A9419453F390083F9ED /* Debug */ = {
			isa = XCBuildConfiguration;
			buildSettings = {
				ALWAYS_SEARCH_USER_PATHS = NO;
				CLANG_CXX_LANGUAGE_STANDARD = "gnu++0x";
				CLANG_CXX_LIBRARY = "libc++";
				CLANG_ENABLE_MODULES = YES;
				CLANG_ENABLE_OBJC_ARC = YES;
				CLANG_WARN_BOOL_CONVERSION = YES;
				CLANG_WARN_CONSTANT_CONVERSION = YES;
				CLANG_WARN_DIRECT_OBJC_ISA_USAGE = YES_ERROR;
				CLANG_WARN_EMPTY_BODY = YES;
				CLANG_WARN_ENUM_CONVERSION = YES;
				CLANG_WARN_INT_CONVERSION = YES;
				CLANG_WARN_OBJC_ROOT_CLASS = YES_ERROR;
				CLANG_WARN__DUPLICATE_METHOD_MATCH = YES;
				"CODE_SIGN_IDENTITY[sdk=iphoneos*]" = "iPhone Developer";
				COPY_PHASE_STRIP = NO;
				GCC_C_LANGUAGE_STANDARD = gnu99;
				GCC_DYNAMIC_NO_PIC = NO;
				GCC_OPTIMIZATION_LEVEL = 0;
				GCC_PREPROCESSOR_DEFINITIONS = (
					"DEBUG=1",
					"$(inherited)",
				);
				GCC_SYMBOLS_PRIVATE_EXTERN = NO;
				GCC_WARN_64_TO_32_BIT_CONVERSION = YES;
				GCC_WARN_ABOUT_RETURN_TYPE = YES_ERROR;
				GCC_WARN_UNDECLARED_SELECTOR = YES;
				GCC_WARN_UNINITIALIZED_AUTOS = YES_AGGRESSIVE;
				GCC_WARN_UNUSED_FUNCTION = YES;
				GCC_WARN_UNUSED_VARIABLE = YES;
				IPHONEOS_DEPLOYMENT_TARGET = 7.1;
				New_Setting = "";
				ONLY_ACTIVE_ARCH = YES;
				OTHER_LDFLAGS = (
					"-lstdc++",
					"-all_load",
				);
				"OTHER_LDFLAGS[arch=*]" = (
					"-lstdc++",
					"-all_load",
				);
				SDKROOT = iphoneos;
				TARGETED_DEVICE_FAMILY = "1,2";
			};
			name = Debug;
		};
		98116A9519453F390083F9ED /* Release */ = {
			isa = XCBuildConfiguration;
			buildSettings = {
				ALWAYS_SEARCH_USER_PATHS = NO;
				CLANG_CXX_LANGUAGE_STANDARD = "gnu++0x";
				CLANG_CXX_LIBRARY = "libc++";
				CLANG_ENABLE_MODULES = YES;
				CLANG_ENABLE_OBJC_ARC = YES;
				CLANG_WARN_BOOL_CONVERSION = YES;
				CLANG_WARN_CONSTANT_CONVERSION = YES;
				CLANG_WARN_DIRECT_OBJC_ISA_USAGE = YES_ERROR;
				CLANG_WARN_EMPTY_BODY = YES;
				CLANG_WARN_ENUM_CONVERSION = YES;
				CLANG_WARN_INT_CONVERSION = YES;
				CLANG_WARN_OBJC_ROOT_CLASS = YES_ERROR;
				CLANG_WARN__DUPLICATE_METHOD_MATCH = YES;
				"CODE_SIGN_IDENTITY[sdk=iphoneos*]" = "iPhone Developer";
				COPY_PHASE_STRIP = YES;
				ENABLE_NS_ASSERTIONS = NO;
				GCC_C_LANGUAGE_STANDARD = gnu99;
				GCC_WARN_64_TO_32_BIT_CONVERSION = YES;
				GCC_WARN_ABOUT_RETURN_TYPE = YES_ERROR;
				GCC_WARN_UNDECLARED_SELECTOR = YES;
				GCC_WARN_UNINITIALIZED_AUTOS = YES_AGGRESSIVE;
				GCC_WARN_UNUSED_FUNCTION = YES;
				GCC_WARN_UNUSED_VARIABLE = YES;
				IPHONEOS_DEPLOYMENT_TARGET = 7.1;
				New_Setting = "";
				OTHER_LDFLAGS = (
					"-lstdc++",
					"-all_load",
				);
				SDKROOT = iphoneos;
				TARGETED_DEVICE_FAMILY = "1,2";
				VALIDATE_PRODUCT = YES;
			};
			name = Release;
		};
		98116A9719453F390083F9ED /* Debug */ = {
			isa = XCBuildConfiguration;
			buildSettings = {
				ASSETCATALOG_COMPILER_APPICON_NAME = AppIcon;
				ASSETCATALOG_COMPILER_LAUNCHIMAGE_NAME = LaunchImage;
				FRAMEWORK_SEARCH_PATHS = (
					"$(inherited)",
					"$(PROJECT_DIR)",
				);
				GCC_PRECOMPILE_PREFIX_HEADER = YES;
				GCC_PREFIX_HEADER = "HIVE/HIVE-Prefix.pch";
				INFOPLIST_FILE = "HIVE/HIVE-Info.plist";
				PRODUCT_NAME = "$(TARGET_NAME)";
				WRAPPER_EXTENSION = app;
			};
			name = Debug;
		};
		98116A9819453F390083F9ED /* Release */ = {
			isa = XCBuildConfiguration;
			buildSettings = {
				ASSETCATALOG_COMPILER_APPICON_NAME = AppIcon;
				ASSETCATALOG_COMPILER_LAUNCHIMAGE_NAME = LaunchImage;
				FRAMEWORK_SEARCH_PATHS = (
					"$(inherited)",
					"$(PROJECT_DIR)",
				);
				GCC_PRECOMPILE_PREFIX_HEADER = YES;
				GCC_PREFIX_HEADER = "HIVE/HIVE-Prefix.pch";
				INFOPLIST_FILE = "HIVE/HIVE-Info.plist";
				PRODUCT_NAME = "$(TARGET_NAME)";
				WRAPPER_EXTENSION = app;
			};
			name = Release;
		};
		98116A9A19453F390083F9ED /* Debug */ = {
			isa = XCBuildConfiguration;
			buildSettings = {
				BUNDLE_LOADER = "$(BUILT_PRODUCTS_DIR)/HIVE.app/HIVE";
				FRAMEWORK_SEARCH_PATHS = (
					"$(SDKROOT)/Developer/Library/Frameworks",
					"$(inherited)",
					"$(DEVELOPER_FRAMEWORKS_DIR)",
				);
				GCC_PRECOMPILE_PREFIX_HEADER = YES;
				GCC_PREFIX_HEADER = "HIVE/HIVE-Prefix.pch";
				GCC_PREPROCESSOR_DEFINITIONS = (
					"DEBUG=1",
					"$(inherited)",
				);
				INFOPLIST_FILE = "HIVETests/HIVETests-Info.plist";
				PRODUCT_NAME = "$(TARGET_NAME)";
				TEST_HOST = "$(BUNDLE_LOADER)";
				WRAPPER_EXTENSION = xctest;
			};
			name = Debug;
		};
		98116A9B19453F390083F9ED /* Release */ = {
			isa = XCBuildConfiguration;
			buildSettings = {
				BUNDLE_LOADER = "$(BUILT_PRODUCTS_DIR)/HIVE.app/HIVE";
				FRAMEWORK_SEARCH_PATHS = (
					"$(SDKROOT)/Developer/Library/Frameworks",
					"$(inherited)",
					"$(DEVELOPER_FRAMEWORKS_DIR)",
				);
				GCC_PRECOMPILE_PREFIX_HEADER = YES;
				GCC_PREFIX_HEADER = "HIVE/HIVE-Prefix.pch";
				INFOPLIST_FILE = "HIVETests/HIVETests-Info.plist";
				PRODUCT_NAME = "$(TARGET_NAME)";
				TEST_HOST = "$(BUNDLE_LOADER)";
				WRAPPER_EXTENSION = xctest;
			};
			name = Release;
		};
/* End XCBuildConfiguration section */

/* Begin XCConfigurationList section */
		98116A6519453F390083F9ED /* Build configuration list for PBXProject "HIVE" */ = {
			isa = XCConfigurationList;
			buildConfigurations = (
				98116A9419453F390083F9ED /* Debug */,
				98116A9519453F390083F9ED /* Release */,
			);
			defaultConfigurationIsVisible = 0;
			defaultConfigurationName = Release;
		};
		98116A9619453F390083F9ED /* Build configuration list for PBXNativeTarget "HIVE" */ = {
			isa = XCConfigurationList;
			buildConfigurations = (
				98116A9719453F390083F9ED /* Debug */,
				98116A9819453F390083F9ED /* Release */,
			);
			defaultConfigurationIsVisible = 0;
			defaultConfigurationName = Release;
		};
		98116A9919453F390083F9ED /* Build configuration list for PBXNativeTarget "HIVETests" */ = {
			isa = XCConfigurationList;
			buildConfigurations = (
				98116A9A19453F390083F9ED /* Debug */,
				98116A9B19453F390083F9ED /* Release */,
			);
			defaultConfigurationIsVisible = 0;
			defaultConfigurationName = Release;
		};
/* End XCConfigurationList section */
	};
	rootObject = 98116A6219453F390083F9ED /* Project object */;
}
